
Microsoft Visual Studio Solution File, Format Version 12.00
# Visual Studio Version 16
VisualStudioVersion = 16.0.29424.173
MinimumVisualStudioVersion = 10.0.40219.1
Project("{FAE04EC0-301F-11D3-BF4B-00C04F79EFBC}") = "Uppgift1", "Uppgift1\Uppgift1.csproj", "{CC7EDF8D-A356-46EB-951D-133FDC9C743F}"
EndProject
Project("{FAE04EC0-301F-11D3-BF4B-00C04F79EFBC}") = "Uppgift2", "Uppgift2\Uppgift2.csproj", "{E8D11838-9140-49F6-9E33-9CC9B62C9804}"
EndProject
Project("{FAE04EC0-301F-11D3-BF4B-00C04F79EFBC}") = "Uppgift3", "Uppgift3\Uppgift3.csproj", "{566D41FF-E705-46E2-88CE-0FA2A6CD0258}"
EndProject
Project("{FAE04EC0-301F-11D3-BF4B-00C04F79EFBC}") = "Uppgift4", "Uppgift4\Uppgift4.csproj", "{7E2FD9C6-314B-40CF-9AED-3F52D668E411}"
EndProject
Project("{FAE04EC0-301F-11D3-BF4B-00C04F79EFBC}") = "Uppgift5", "Uppgift5\Uppgift5.csproj", "{E128DC81-57F7-4E9B-B97F-D513C8A99650}"
EndProject
Project("{FAE04EC0-301F-11D3-BF4B-00C04F79EFBC}") = "Uppgift6", "Uppgift6\Uppgift6.csproj", "{C5C010B6-82A7-4DF8-B256-B373FFE5FD05}"
EndProject
Project("{FAE04EC0-301F-11D3-BF4B-00C04F79EFBC}") = "Uppgift7", "Uppgift7\Uppgift7.csproj", "{28656DC3-36BE-4FF2-8E51-78892F67FA8A}"
EndProject
Project("{FAE04EC0-301F-11D3-BF4B-00C04F79EFBC}") = "Uppgift8", "Uppgift8\Uppgift8.csproj", "{41C2BD56-9F64-4B5C-80F9-292204FBCBD7}"
EndProject
Project("{FAE04EC0-301F-11D3-BF4B-00C04F79EFBC}") = "Uppgift9", "Uppgift9\Uppgift9.csproj", "{E3E70A50-6B25-4B85-B8B4-B3E9AB38F28A}"
EndProject
Project("{FAE04EC0-301F-11D3-BF4B-00C04F79EFBC}") = "Uppgift9b", "Uppgift9b\Uppgift9b.csproj", "{89BAF0C6-A74A-455E-A9BD-6334E0AEB055}"
EndProject
Project("{FAE04EC0-301F-11D3-BF4B-00C04F79EFBC}") = "Uppgift10", "Uppgift10\Uppgift10.csproj", "{325321C3-F9FD-45BB-B475-43D77F4E5C5A}"
EndProject
Project("{FAE04EC0-301F-11D3-BF4B-00C04F79EFBC}") = "Uppgift11", "Uppgift11\Uppgift11.csproj", "{D5B21941-0115-48DF-B966-1B32BD987926}"
EndProject
Project("{FAE04EC0-301F-11D3-BF4B-00C04F79EFBC}") = "Uppgift11b", "Uppgift11b\Uppgift11b.csproj", "{B13DE6AF-A625-4FF3-A1D4-692C73384AE4}"
EndProject
Project("{FAE04EC0-301F-11D3-BF4B-00C04F79EFBC}") = "Uppgift12", "Uppgift12\Uppgift12.csproj", "{50E55903-7B63-4552-85E4-AA4FC4AA279C}"
EndProject
Project("{FAE04EC0-301F-11D3-BF4B-00C04F79EFBC}") = "Uppgift12b", "Uppgift12b\Uppgift12b.csproj", "{318F4C1F-B316-4B11-BE5A-2EA1D873F2CE}"
EndProject
Global
	GlobalSection(SolutionConfigurationPlatforms) = preSolution
		Debug|Any CPU = Debug|Any CPU
		Release|Any CPU = Release|Any CPU
	EndGlobalSection
	GlobalSection(ProjectConfigurationPlatforms) = postSolution
		{CC7EDF8D-A356-46EB-951D-133FDC9C743F}.Debug|Any CPU.ActiveCfg = Debug|Any CPU
		{CC7EDF8D-A356-46EB-951D-133FDC9C743F}.Debug|Any CPU.Build.0 = Debug|Any CPU
		{CC7EDF8D-A356-46EB-951D-133FDC9C743F}.Release|Any CPU.ActiveCfg = Release|Any CPU
		{CC7EDF8D-A356-46EB-951D-133FDC9C743F}.Release|Any CPU.Build.0 = Release|Any CPU
		{E8D11838-9140-49F6-9E33-9CC9B62C9804}.Debug|Any CPU.ActiveCfg = Debug|Any CPU
		{E8D11838-9140-49F6-9E33-9CC9B62C9804}.Debug|Any CPU.Build.0 = Debug|Any CPU
		{E8D11838-9140-49F6-9E33-9CC9B62C9804}.Release|Any CPU.ActiveCfg = Release|Any CPU
		{E8D11838-9140-49F6-9E33-9CC9B62C9804}.Release|Any CPU.Build.0 = Release|Any CPU
		{566D41FF-E705-46E2-88CE-0FA2A6CD0258}.Debug|Any CPU.ActiveCfg = Debug|Any CPU
		{566D41FF-E705-46E2-88CE-0FA2A6CD0258}.Debug|Any CPU.Build.0 = Debug|Any CPU
		{566D41FF-E705-46E2-88CE-0FA2A6CD0258}.Release|Any CPU.ActiveCfg = Release|Any CPU
		{566D41FF-E705-46E2-88CE-0FA2A6CD0258}.Release|Any CPU.Build.0 = Release|Any CPU
		{7E2FD9C6-314B-40CF-9AED-3F52D668E411}.Debug|Any CPU.ActiveCfg = Debug|Any CPU
		{7E2FD9C6-314B-40CF-9AED-3F52D668E411}.Debug|Any CPU.Build.0 = Debug|Any CPU
		{7E2FD9C6-314B-40CF-9AED-3F52D668E411}.Release|Any CPU.ActiveCfg = Release|Any CPU
		{7E2FD9C6-314B-40CF-9AED-3F52D668E411}.Release|Any CPU.Build.0 = Release|Any CPU
		{E128DC81-57F7-4E9B-B97F-D513C8A99650}.Debug|Any CPU.ActiveCfg = Debug|Any CPU
		{E128DC81-57F7-4E9B-B97F-D513C8A99650}.Debug|Any CPU.Build.0 = Debug|Any CPU
		{E128DC81-57F7-4E9B-B97F-D513C8A99650}.Release|Any CPU.ActiveCfg = Release|Any CPU
		{E128DC81-57F7-4E9B-B97F-D513C8A99650}.Release|Any CPU.Build.0 = Release|Any CPU
		{C5C010B6-82A7-4DF8-B256-B373FFE5FD05}.Debug|Any CPU.ActiveCfg = Debug|Any CPU
		{C5C010B6-82A7-4DF8-B256-B373FFE5FD05}.Debug|Any CPU.Build.0 = Debug|Any CPU
		{C5C010B6-82A7-4DF8-B256-B373FFE5FD05}.Release|Any CPU.ActiveCfg = Release|Any CPU
		{C5C010B6-82A7-4DF8-B256-B373FFE5FD05}.Release|Any CPU.Build.0 = Release|Any CPU
		{28656DC3-36BE-4FF2-8E51-78892F67FA8A}.Debug|Any CPU.ActiveCfg = Debug|Any CPU
		{28656DC3-36BE-4FF2-8E51-78892F67FA8A}.Debug|Any CPU.Build.0 = Debug|Any CPU
		{28656DC3-36BE-4FF2-8E51-78892F67FA8A}.Release|Any CPU.ActiveCfg = Release|Any CPU
		{28656DC3-36BE-4FF2-8E51-78892F67FA8A}.Release|Any CPU.Build.0 = Release|Any CPU
		{41C2BD56-9F64-4B5C-80F9-292204FBCBD7}.Debug|Any CPU.ActiveCfg = Debug|Any CPU
		{41C2BD56-9F64-4B5C-80F9-292204FBCBD7}.Debug|Any CPU.Build.0 = Debug|Any CPU
		{41C2BD56-9F64-4B5C-80F9-292204FBCBD7}.Release|Any CPU.ActiveCfg = Release|Any CPU
		{41C2BD56-9F64-4B5C-80F9-292204FBCBD7}.Release|Any CPU.Build.0 = Release|Any CPU
		{E3E70A50-6B25-4B85-B8B4-B3E9AB38F28A}.Debug|Any CPU.ActiveCfg = Debug|Any CPU
		{E3E70A50-6B25-4B85-B8B4-B3E9AB38F28A}.Debug|Any CPU.Build.0 = Debug|Any CPU
		{E3E70A50-6B25-4B85-B8B4-B3E9AB38F28A}.Release|Any CPU.ActiveCfg = Release|Any CPU
		{E3E70A50-6B25-4B85-B8B4-B3E9AB38F28A}.Release|Any CPU.Build.0 = Release|Any CPU
		{89BAF0C6-A74A-455E-A9BD-6334E0AEB055}.Debug|Any CPU.ActiveCfg = Debug|Any CPU
		{89BAF0C6-A74A-455E-A9BD-6334E0AEB055}.Debug|Any CPU.Build.0 = Debug|Any CPU
		{89BAF0C6-A74A-455E-A9BD-6334E0AEB055}.Release|Any CPU.ActiveCfg = Release|Any CPU
		{89BAF0C6-A74A-455E-A9BD-6334E0AEB055}.Release|Any CPU.Build.0 = Release|Any CPU
		{325321C3-F9FD-45BB-B475-43D77F4E5C5A}.Debug|Any CPU.ActiveCfg = Debug|Any CPU
		{325321C3-F9FD-45BB-B475-43D77F4E5C5A}.Debug|Any CPU.Build.0 = Debug|Any CPU
		{325321C3-F9FD-45BB-B475-43D77F4E5C5A}.Release|Any CPU.ActiveCfg = Release|Any CPU
		{325321C3-F9FD-45BB-B475-43D77F4E5C5A}.Release|Any CPU.Build.0 = Release|Any CPU
		{D5B21941-0115-48DF-B966-1B32BD987926}.Debug|Any CPU.ActiveCfg = Debug|Any CPU
		{D5B21941-0115-48DF-B966-1B32BD987926}.Debug|Any CPU.Build.0 = Debug|Any CPU
		{D5B21941-0115-48DF-B966-1B32BD987926}.Release|Any CPU.ActiveCfg = Release|Any CPU
		{D5B21941-0115-48DF-B966-1B32BD987926}.Release|Any CPU.Build.0 = Release|Any CPU
		{B13DE6AF-A625-4FF3-A1D4-692C73384AE4}.Debug|Any CPU.ActiveCfg = Debug|Any CPU
		{B13DE6AF-A625-4FF3-A1D4-692C73384AE4}.Debug|Any CPU.Build.0 = Debug|Any CPU
		{B13DE6AF-A625-4FF3-A1D4-692C73384AE4}.Release|Any CPU.ActiveCfg = Release|Any CPU
		{B13DE6AF-A625-4FF3-A1D4-692C73384AE4}.Release|Any CPU.Build.0 = Release|Any CPU
		{50E55903-7B63-4552-85E4-AA4FC4AA279C}.Debug|Any CPU.ActiveCfg = Debug|Any CPU
		{50E55903-7B63-4552-85E4-AA4FC4AA279C}.Debug|Any CPU.Build.0 = Debug|Any CPU
		{50E55903-7B63-4552-85E4-AA4FC4AA279C}.Release|Any CPU.ActiveCfg = Release|Any CPU
		{50E55903-7B63-4552-85E4-AA4FC4AA279C}.Release|Any CPU.Build.0 = Release|Any CPU
		{318F4C1F-B316-4B11-BE5A-2EA1D873F2CE}.Debug|Any CPU.ActiveCfg = Debug|Any CPU
		{318F4C1F-B316-4B11-BE5A-2EA1D873F2CE}.Debug|Any CPU.Build.0 = Debug|Any CPU
		{318F4C1F-B316-4B11-BE5A-2EA1D873F2CE}.Release|Any CPU.ActiveCfg = Release|Any CPU
		{318F4C1F-B316-4B11-BE5A-2EA1D873F2CE}.Release|Any CPU.Build.0 = Release|Any CPU
	EndGlobalSection
	GlobalSection(SolutionProperties) = preSolution
		HideSolutionNode = FALSE
	EndGlobalSection
	GlobalSection(ExtensibilityGlobals) = postSolution
		SolutionGuid = {352AE684-A0CB-47B6-AC3C-C672909E539A}
	EndGlobalSection
EndGlobal
